{
  "name": "panadero-strategies",
  "version": "1.0.0",
  "lockfileVersion": 2,
  "requires": true,
  "packages": {
    "": {
      "name": "panadero-strategies",
      "version": "1.0.0",
      "license": "ISC",
      "dependencies": {
        "panadero-strategies": "github:lieuwebakker/panadero-strategies"
      }
    },
    "node_modules/panadero-strategies": {
      "version": "1.0.0",
      "resolved": "git+ssh://git@github.com/lieuwebakker/panadero-strategies.git#c53a58a9bcc8685d9b6cc599453f4f39dbeff646",
      "license": "ISC"
    }
  },
  "dependencies": {
    "panadero-strategies": {
      "version": "git+ssh://git@github.com/lieuwebakker/panadero-strategies.git#c53a58a9bcc8685d9b6cc599453f4f39dbeff646",
      "from": "panadero-strategies@lieuwebakker/panadero-strategies"
    }
  }
}
